
Microsoft Visual Studio Solution File, Format Version 12.00
# Visual Studio Version 16
VisualStudioVersion = 16.0.31205.134
MinimumVisualStudioVersion = 10.0.40219.1
Project("{FAE04EC0-301F-11D3-BF4B-00C04F79EFBC}") = "prjLinQ", "prjLinQ\prjLinQ.csproj", "{BC325D17-F6C7-406C-818A-B2CBC910CA80}"
EndProject
Global
	GlobalSection(SolutionConfigurationPlatforms) = preSolution
		Debug|Any CPU = Debug|Any CPU
		Release|Any CPU = Release|Any CPU
	EndGlobalSection
	GlobalSection(ProjectConfigurationPlatforms) = postSolution
		{BC325D17-F6C7-406C-818A-B2CBC910CA80}.Debug|Any CPU.ActiveCfg = Debug|Any CPU
		{BC325D17-F6C7-406C-818A-B2CBC910CA80}.Debug|Any CPU.Build.0 = Debug|Any CPU
		{BC325D17-F6C7-406C-818A-B2CBC910CA80}.Release|Any CPU.ActiveCfg = Release|Any CPU
		{BC325D17-F6C7-406C-818A-B2CBC910CA80}.Release|Any CPU.Build.0 = Release|Any CPU
	EndGlobalSection
	GlobalSection(SolutionProperties) = preSolution
		HideSolutionNode = FALSE
	EndGlobalSection
	GlobalSection(ExtensibilityGlobals) = postSolution
		SolutionGuid = {B0D5585F-5F4E-47B8-8CBC-336FA591A573}
	EndGlobalSection
EndGlobal
